// !$*UTF8*$!
{
	archiveVersion = 1;
	classes = {
	};
	objectVersion = 50;
	objects = {

/* Begin PBXBuildFile section */
		9709C5AC21D3B945007C18D4 /* AppDelegate.swift in Sources */ = {isa = PBXBuildFile; fileRef = 9709C5AB21D3B945007C18D4 /* AppDelegate.swift */; };
		9709C5AE21D3B945007C18D4 /* ViewController.swift in Sources */ = {isa = PBXBuildFile; fileRef = 9709C5AD21D3B945007C18D4 /* ViewController.swift */; };
		9709C5B121D3B945007C18D4 /* Main.storyboard in Resources */ = {isa = PBXBuildFile; fileRef = 9709C5AF21D3B945007C18D4 /* Main.storyboard */; };
		9709C5B321D3B948007C18D4 /* Assets.xcassets in Resources */ = {isa = PBXBuildFile; fileRef = 9709C5B221D3B948007C18D4 /* Assets.xcassets */; };
		9709C5B621D3B948007C18D4 /* LaunchScreen.storyboard in Resources */ = {isa = PBXBuildFile; fileRef = 9709C5B421D3B948007C18D4 /* LaunchScreen.storyboard */; };
		9709C5C121D3B948007C18D4 /* _DtouchTests.swift in Sources */ = {isa = PBXBuildFile; fileRef = 9709C5C021D3B948007C18D4 /* _DtouchTests.swift */; };
		9709C5CC21D3B948007C18D4 /* _DtouchUITests.swift in Sources */ = {isa = PBXBuildFile; fileRef = 9709C5CB21D3B948007C18D4 /* _DtouchUITests.swift */; };
/* End PBXBuildFile section */

/* Begin PBXContainerItemProxy section */
		9709C5BD21D3B948007C18D4 /* PBXContainerItemProxy */ = {
			isa = PBXContainerItemProxy;
			containerPortal = 9709C5A021D3B945007C18D4 /* Project object */;
			proxyType = 1;
			remoteGlobalIDString = 9709C5A721D3B945007C18D4;
			remoteInfo = 3Dtouch;
		};
		9709C5C821D3B948007C18D4 /* PBXContainerItemProxy */ = {
			isa = PBXContainerItemProxy;
			containerPortal = 9709C5A021D3B945007C18D4 /* Project object */;
			proxyType = 1;
			remoteGlobalIDString = 9709C5A721D3B945007C18D4;
			remoteInfo = 3Dtouch;
		};
/* End PBXContainerItemProxy section */

/* Begin PBXFileReference section */
		9709C5A821D3B945007C18D4 /* 3Dtouch.app */ = {isa = PBXFileReference; explicitFileType = wrapper.application; includeInIndex = 0; path = 3Dtouch.app; sourceTree = BUILT_PRODUCTS_DIR; };
		9709C5AB21D3B945007C18D4 /* AppDelegate.swift */ = {isa = PBXFileReference; lastKnownFileType = sourcecode.swift; path = AppDelegate.swift; sourceTree = "<group>"; };
		9709C5AD21D3B945007C18D4 /* ViewController.swift */ = {isa = PBXFileReference; lastKnownFileType = sourcecode.swift; path = ViewController.swift; sourceTree = "<group>"; };
		9709C5B021D3B945007C18D4 /* Base */ = {isa = PBXFileReference; lastKnownFileType = file.storyboard; name = Base; path = Base.lproj/Main.storyboard; sourceTree = "<group>"; };
		9709C5B221D3B948007C18D4 /* Assets.xcassets */ = {isa = PBXFileReference; lastKnownFileType = folder.assetcatalog; path = Assets.xcassets; sourceTree = "<group>"; };
		9709C5B521D3B948007C18D4 /* Base */ = {isa = PBXFileReference; lastKnownFileType = file.storyboard; name = Base; path = Base.lproj/LaunchScreen.storyboard; sourceTree = "<group>"; };
		9709C5B721D3B948007C18D4 /* Info.plist */ = {isa = PBXFileReference; lastKnownFileType = text.plist.xml; path = Info.plist; sourceTree = "<group>"; };
		9709C5BC21D3B948007C18D4 /* 3DtouchTests.xctest */ = {isa = PBXFileReference; explicitFileType = wrapper.cfbundle; includeInIndex = 0; path = 3DtouchTests.xctest; sourceTree = BUILT_PRODUCTS_DIR; };
		9709C5C021D3B948007C18D4 /* _DtouchTests.swift */ = {isa = PBXFileReference; lastKnownFileType = sourcecode.swift; path = _DtouchTests.swift; sourceTree = "<group>"; };
		9709C5C221D3B948007C18D4 /* Info.plist */ = {isa = PBXFileReference; lastKnownFileType = text.plist.xml; path = Info.plist; sourceTree = "<group>"; };
		9709C5C721D3B948007C18D4 /* 3DtouchUITests.xctest */ = {isa = PBXFileReference; explicitFileType = wrapper.cfbundle; includeInIndex = 0; path = 3DtouchUITests.xctest; sourceTree = BUILT_PRODUCTS_DIR; };
		9709C5CB21D3B948007C18D4 /* _DtouchUITests.swift */ = {isa = PBXFileReference; lastKnownFileType = sourcecode.swift; path = _DtouchUITests.swift; sourceTree = "<group>"; };
		9709C5CD21D3B948007C18D4 /* Info.plist */ = {isa = PBXFileReference; lastKnownFileType = text.plist.xml; path = Info.plist; sourceTree = "<group>"; };
/* End PBXFileReference section */

/* Begin PBXFrameworksBuildPhase section */
		9709C5A521D3B945007C18D4 /* Frameworks */ = {
			isa = PBXFrameworksBuildPhase;
			buildActionMask = 2147483647;
			files = (
			);
			runOnlyForDeploymentPostprocessing = 0;
		};
		9709C5B921D3B948007C18D4 /* Frameworks */ = {
			isa = PBXFrameworksBuildPhase;
			buildActionMask = 2147483647;
			files = (
			);
			runOnlyForDeploymentPostprocessing = 0;
		};
		9709C5C421D3B948007C18D4 /* Frameworks */ = {
			isa = PBXFrameworksBuildPhase;
			buildActionMask = 2147483647;
			files = (
			);
			runOnlyForDeploymentPostprocessing = 0;
		};
/* End PBXFrameworksBuildPhase section */

/* Begin PBXGroup section */
		9709C59F21D3B945007C18D4 = {
			isa = PBXGroup;
			children = (
				9709C5AA21D3B945007C18D4 /* 3Dtouch */,
				9709C5BF21D3B948007C18D4 /* 3DtouchTests */,
				9709C5CA21D3B948007C18D4 /* 3DtouchUITests */,
				9709C5A921D3B945007C18D4 /* Products */,
			);
			sourceTree = "<group>";
		};
		9709C5A921D3B945007C18D4 /* Products */ = {
			isa = PBXGroup;
			children = (
				9709C5A821D3B945007C18D4 /* 3Dtouch.app */,
				9709C5BC21D3B948007C18D4 /* 3DtouchTests.xctest */,
				9709C5C721D3B948007C18D4 /* 3DtouchUITests.xctest */,
			);
			name = Products;
			sourceTree = "<group>";
		};
		9709C5AA21D3B945007C18D4 /* 3Dtouch */ = {
			isa = PBXGroup;
			children = (
				9709C5AB21D3B945007C18D4 /* AppDelegate.swift */,
				9709C5AD21D3B945007C18D4 /* ViewController.swift */,
				9709C5AF21D3B945007C18D4 /* Main.storyboard */,
				9709C5B221D3B948007C18D4 /* Assets.xcassets */,
				9709C5B421D3B948007C18D4 /* LaunchScreen.storyboard */,
				9709C5B721D3B948007C18D4 /* Info.plist */,
			);
			path = 3Dtouch;
			sourceTree = "<group>";
		};
		9709C5BF21D3B948007C18D4 /* 3DtouchTests */ = {
			isa = PBXGroup;
			children = (
				9709C5C021D3B948007C18D4 /* _DtouchTests.swift */,
				9709C5C221D3B948007C18D4 /* Info.plist */,
			);
			path = 3DtouchTests;
			sourceTree = "<group>";
		};
		9709C5CA21D3B948007C18D4 /* 3DtouchUITests */ = {
			isa = PBXGroup;
			children = (
				9709C5CB21D3B948007C18D4 /* _DtouchUITests.swift */,
				9709C5CD21D3B948007C18D4 /* Info.plist */,
			);
			path = 3DtouchUITests;
			sourceTree = "<group>";
		};
/* End PBXGroup section */

/* Begin PBXNativeTarget section */
		9709C5A721D3B945007C18D4 /* 3Dtouch */ = {
			isa = PBXNativeTarget;
			buildConfigurationList = 9709C5D021D3B948007C18D4 /* Build configuration list for PBXNativeTarget "3Dtouch" */;
			buildPhases = (
				9709C5A421D3B945007C18D4 /* Sources */,
				9709C5A521D3B945007C18D4 /* Frameworks */,
				9709C5A621D3B945007C18D4 /* Resources */,
			);
			buildRules = (
			);
			dependencies = (
			);
			name = 3Dtouch;
			productName = 3Dtouch;
			productReference = 9709C5A821D3B945007C18D4 /* 3Dtouch.app */;
			productType = "com.apple.product-type.application";
		};
		9709C5BB21D3B948007C18D4 /* 3DtouchTests */ = {
			isa = PBXNativeTarget;
			buildConfigurationList = 9709C5D321D3B948007C18D4 /* Build configuration list for PBXNativeTarget "3DtouchTests" */;
			buildPhases = (
				9709C5B821D3B948007C18D4 /* Sources */,
				9709C5B921D3B948007C18D4 /* Frameworks */,
				9709C5BA21D3B948007C18D4 /* Resources */,
			);
			buildRules = (
			);
			dependencies = (
				9709C5BE21D3B948007C18D4 /* PBXTargetDependency */,
			);
			name = 3DtouchTests;
			productName = 3DtouchTests;
			productReference = 9709C5BC21D3B948007C18D4 /* 3DtouchTests.xctest */;
			productType = "com.apple.product-type.bundle.unit-test";
		};
		9709C5C621D3B948007C18D4 /* 3DtouchUITests */ = {
			isa = PBXNativeTarget;
			buildConfigurationList = 9709C5D621D3B948007C18D4 /* Build configuration list for PBXNativeTarget "3DtouchUITests" */;
			buildPhases = (
				9709C5C321D3B948007C18D4 /* Sources */,
				9709C5C421D3B948007C18D4 /* Frameworks */,
				9709C5C521D3B948007C18D4 /* Resources */,
			);
			buildRules = (
			);
			dependencies = (
				9709C5C921D3B948007C18D4 /* PBXTargetDependency */,
			);
			name = 3DtouchUITests;
			productName = 3DtouchUITests;
			productReference = 9709C5C721D3B948007C18D4 /* 3DtouchUITests.xctest */;
			productType = "com.apple.product-type.bundle.ui-testing";
		};
/* End PBXNativeTarget section */

/* Begin PBXProject section */
		9709C5A021D3B945007C18D4 /* Project object */ = {
			isa = PBXProject;
			attributes = {
				LastSwiftUpdateCheck = 1010;
				LastUpgradeCheck = 1010;
				ORGANIZATIONNAME = Sora;
				TargetAttributes = {
					9709C5A721D3B945007C18D4 = {
						CreatedOnToolsVersion = 10.1;
					};
					9709C5BB21D3B948007C18D4 = {
						CreatedOnToolsVersion = 10.1;
						TestTargetID = 9709C5A721D3B945007C18D4;
					};
					9709C5C621D3B948007C18D4 = {
						CreatedOnToolsVersion = 10.1;
						TestTargetID = 9709C5A721D3B945007C18D4;
					};
				};
			};
			buildConfigurationList = 9709C5A321D3B945007C18D4 /* Build configuration list for PBXProject "3Dtouch" */;
			compatibilityVersion = "Xcode 9.3";
			developmentRegion = en;
			hasScannedForEncodings = 0;
			knownRegions = (
				en,
				Base,
			);
			mainGroup = 9709C59F21D3B945007C18D4;
			productRefGroup = 9709C5A921D3B945007C18D4 /* Products */;
			projectDirPath = "";
			projectRoot = "";
			targets = (
				9709C5A721D3B945007C18D4 /* 3Dtouch */,
				9709C5BB21D3B948007C18D4 /* 3DtouchTests */,
				9709C5C621D3B948007C18D4 /* 3DtouchUITests */,
			);
		};
/* End PBXProject section */

/* Begin PBXResourcesBuildPhase section */
		9709C5A621D3B945007C18D4 /* Resources */ = {
			isa = PBXResourcesBuildPhase;
			buildActionMask = 2147483647;
			files = (
				9709C5B621D3B948007C18D4 /* LaunchScreen.storyboard in Resources */,
				9709C5B321D3B948007C18D4 /* Assets.xcassets in Resources */,
				9709C5B121D3B945007C18D4 /* Main.storyboard in Resources */,
			);
			runOnlyForDeploymentPostprocessing = 0;
		};
		9709C5BA21D3B948007C18D4 /* Resources */ = {
			isa = PBXResourcesBuildPhase;
			buildActionMask = 2147483647;
			files = (
			);
			runOnlyForDeploymentPostprocessing = 0;
		};
		9709C5C521D3B948007C18D4 /* Resources */ = {
			isa = PBXResourcesBuildPhase;
			buildActionMask = 2147483647;
			files = (
			);
			runOnlyForDeploymentPostprocessing = 0;
		};
/* End PBXResourcesBuildPhase section */

/* Begin PBXSourcesBuildPhase section */
		9709C5A421D3B945007C18D4 /* Sources */ = {
			isa = PBXSourcesBuildPhase;
			buildActionMask = 2147483647;
			files = (
				9709C5AE21D3B945007C18D4 /* ViewController.swift in Sources */,
				9709C5AC21D3B945007C18D4 /* AppDelegate.swift in Sources */,
			);
			runOnlyForDeploymentPostprocessing = 0;
		};
		9709C5B821D3B948007C18D4 /* Sources */ = {
			isa = PBXSourcesBuildPhase;
			buildActionMask = 2147483647;
			files = (
				9709C5C121D3B948007C18D4 /* _DtouchTests.swift in Sources */,
			);
			runOnlyForDeploymentPostprocessing = 0;
		};
		9709C5C321D3B948007C18D4 /* Sources */ = {
			isa = PBXSourcesBuildPhase;
			buildActionMask = 2147483647;
			files = (
				9709C5CC21D3B948007C18D4 /* _DtouchUITests.swift in Sources */,
			);
			runOnlyForDeploymentPostprocessing = 0;
		};
/* End PBXSourcesBuildPhase section */

/* Begin PBXTargetDependency section */
		9709C5BE21D3B948007C18D4 /* PBXTargetDependency */ = {
			isa = PBXTargetDependency;
			target = 9709C5A721D3B945007C18D4 /* 3Dtouch */;
			targetProxy = 9709C5BD21D3B948007C18D4 /* PBXContainerItemProxy */;
		};
		9709C5C921D3B948007C18D4 /* PBXTargetDependency */ = {
			isa = PBXTargetDependency;
			target = 9709C5A721D3B945007C18D4 /* 3Dtouch */;
			targetProxy = 9709C5C821D3B948007C18D4 /* PBXContainerItemProxy */;
		};
/* End PBXTargetDependency section */

/* Begin PBXVariantGroup section */
		9709C5AF21D3B945007C18D4 /* Main.storyboard */ = {
			isa = PBXVariantGroup;
			children = (
				9709C5B021D3B945007C18D4 /* Base */,
			);
			name = Main.storyboard;
			sourceTree = "<group>";
		};
		9709C5B421D3B948007C18D4 /* LaunchScreen.storyboard */ = {
			isa = PBXVariantGroup;
			children = (
				9709C5B521D3B948007C18D4 /* Base */,
			);
			name = LaunchScreen.storyboard;
			sourceTree = "<group>";
		};
/* End PBXVariantGroup section */

/* Begin XCBuildConfiguration section */
		9709C5CE21D3B948007C18D4 /* Debug */ = {
			isa = XCBuildConfiguration;
			buildSettings = {
				ALWAYS_SEARCH_USER_PATHS = NO;
				CLANG_ANALYZER_NONNULL = YES;
				CLANG_ANALYZER_NUMBER_OBJECT_CONVERSION = YES_AGGRESSIVE;
				CLANG_CXX_LANGUAGE_STANDARD = "gnu++14";
				CLANG_CXX_LIBRARY = "libc++";
				CLANG_ENABLE_MODULES = YES;
				CLANG_ENABLE_OBJC_ARC = YES;
				CLANG_ENABLE_OBJC_WEAK = YES;
				CLANG_WARN_BLOCK_CAPTURE_AUTORELEASING = YES;
				CLANG_WARN_BOOL_CONVERSION = YES;
				CLANG_WARN_COMMA = YES;
				CLANG_WARN_CONSTANT_CONVERSION = YES;
				CLANG_WARN_DEPRECATED_OBJC_IMPLEMENTATIONS = YES;
				CLANG_WARN_DIRECT_OBJC_ISA_USAGE = YES_ERROR;
				CLANG_WARN_DOCUMENTATION_COMMENTS = YES;
				CLANG_WARN_EMPTY_BODY = YES;
				CLANG_WARN_ENUM_CONVERSION = YES;
				CLANG_WARN_INFINITE_RECURSION = YES;
				CLANG_WARN_INT_CONVERSION = YES;
				CLANG_WARN_NON_LITERAL_NULL_CONVERSION = YES;
				CLANG_WARN_OBJC_IMPLICIT_RETAIN_SELF = YES;
				CLANG_WARN_OBJC_LITERAL_CONVERSION = YES;
				CLANG_WARN_OBJC_ROOT_CLASS = YES_ERROR;
				CLANG_WARN_RANGE_LOOP_ANALYSIS = YES;
				CLANG_WARN_STRICT_PROTOTYPES = YES;
				CLANG_WARN_SUSPICIOUS_MOVE = YES;
				CLANG_WARN_UNGUARDED_AVAILABILITY = YES_AGGRESSIVE;
				CLANG_WARN_UNREACHABLE_CODE = YES;
				CLANG_WARN__DUPLICATE_METHOD_MATCH = YES;
				CODE_SIGN_IDENTITY = "iPhone Developer";
				COPY_PHASE_STRIP = NO;
				DEBUG_INFORMATION_FORMAT = dwarf;
				ENABLE_STRICT_OBJC_MSGSEND = YES;
				ENABLE_TESTABILITY = YES;
				GCC_C_LANGUAGE_STANDARD = gnu11;
				GCC_DYNAMIC_NO_PIC = NO;
				GCC_NO_COMMON_BLOCKS = YES;
				GCC_OPTIMIZATION_LEVEL = 0;
				GCC_PREPROCESSOR_DEFINITIONS = (
					"DEBUG=1",
					"$(inherited)",
				);
				GCC_WARN_64_TO_32_BIT_CONVERSION = YES;
				GCC_WARN_ABOUT_RETURN_TYPE = YES_ERROR;
				GCC_WARN_UNDECLARED_SELECTOR = YES;
				GCC_WARN_UNINITIALIZED_AUTOS = YES_AGGRESSIVE;
				GCC_WARN_UNUSED_FUNCTION = YES;
				GCC_WARN_UNUSED_VARIABLE = YES;
				IPHONEOS_DEPLOYMENT_TARGET = 12.1;
				MTL_ENABLE_DEBUG_INFO = INCLUDE_SOURCE;
				MTL_FAST_MATH = YES;
				ONLY_ACTIVE_ARCH = YES;
				SDKROOT = iphoneos;
				SWIFT_ACTIVE_COMPILATION_CONDITIONS = DEBUG;
				SWIFT_OPTIMIZATION_LEVEL = "-Onone";
			};
			name = Debug;
		};
		9709C5CF21D3B948007C18D4 /* Release */ = {
			isa = XCBuildConfiguration;
			buildSettings = {
				ALWAYS_SEARCH_USER_PATHS = NO;
				CLANG_ANALYZER_NONNULL = YES;
				CLANG_ANALYZER_NUMBER_OBJECT_CONVERSION = YES_AGGRESSIVE;
				CLANG_CXX_LANGUAGE_STANDARD = "gnu++14";
				CLANG_CXX_LIBRARY = "libc++";
				CLANG_ENABLE_MODULES = YES;
				CLANG_ENABLE_OBJC_ARC = YES;
				CLANG_ENABLE_OBJC_WEAK = YES;
				CLANG_WARN_BLOCK_CAPTURE_AUTORELEASING = YES;
				CLANG_WARN_BOOL_CONVERSION = YES;
				CLANG_WARN_COMMA = YES;
				CLANG_WARN_CONSTANT_CONVERSION = YES;
				CLANG_WARN_DEPRECATED_OBJC_IMPLEMENTATIONS = YES;
				CLANG_WARN_DIRECT_OBJC_ISA_USAGE = YES_ERROR;
				CLANG_WARN_DOCUMENTATION_COMMENTS = YES;
				CLANG_WARN_EMPTY_BODY = YES;
				CLANG_WARN_ENUM_CONVERSION = YES;
				CLANG_WARN_INFINITE_RECURSION = YES;
				CLANG_WARN_INT_CONVERSION = YES;
				CLANG_WARN_NON_LITERAL_NULL_CONVERSION = YES;
				CLANG_WARN_OBJC_IMPLICIT_RETAIN_SELF = YES;
				CLANG_WARN_OBJC_LITERAL_CONVERSION = YES;
				CLANG_WARN_OBJC_ROOT_CLASS = YES_ERROR;
				CLANG_WARN_RANGE_LOOP_ANALYSIS = YES;
				CLANG_WARN_STRICT_PROTOTYPES = YES;
				CLANG_WARN_SUSPICIOUS_MOVE = YES;
				CLANG_WARN_UNGUARDED_AVAILABILITY = YES_AGGRESSIVE;
				CLANG_WARN_UNREACHABLE_CODE = YES;
				CLANG_WARN__DUPLICATE_METHOD_MATCH = YES;
				CODE_SIGN_IDENTITY = "iPhone Developer";
				COPY_PHASE_STRIP = NO;
				DEBUG_INFORMATION_FORMAT = "dwarf-with-dsym";
				ENABLE_NS_ASSERTIONS = NO;
				ENABLE_STRICT_OBJC_MSGSEND = YES;
				GCC_C_LANGUAGE_STANDARD = gnu11;
				GCC_NO_COMMON_BLOCKS = YES;
				GCC_WARN_64_TO_32_BIT_CONVERSION = YES;
				GCC_WARN_ABOUT_RETURN_TYPE = YES_ERROR;
				GCC_WARN_UNDECLARED_SELECTOR = YES;
				GCC_WARN_UNINITIALIZED_AUTOS = YES_AGGRESSIVE;
				GCC_WARN_UNUSED_FUNCTION = YES;
				GCC_WARN_UNUSED_VARIABLE = YES;
				IPHONEOS_DEPLOYMENT_TARGET = 12.1;
				MTL_ENABLE_DEBUG_INFO = NO;
				MTL_FAST_MATH = YES;
				SDKROOT = iphoneos;
				SWIFT_COMPILATION_MODE = wholemodule;
				SWIFT_OPTIMIZATION_LEVEL = "-O";
				VALIDATE_PRODUCT = YES;
			};
			name = Release;
		};
		9709C5D121D3B948007C18D4 /* Debug */ = {
			isa = XCBuildConfiguration;
			buildSettings = {
				ASSETCATALOG_COMPILER_APPICON_NAME = AppIcon;
				CODE_SIGN_STYLE = Automatic;
				DEVELOPMENT_TEAM = 997PEV296P;
				INFOPLIST_FILE = 3Dtouch/Info.plist;
				IPHONEOS_DEPLOYMENT_TARGET = 12.1;
				LD_RUNPATH_SEARCH_PATHS = (
					"$(inherited)",
					"@executable_path/Frameworks",
				);
				PRODUCT_BUNDLE_IDENTIFIER = "info.sora-k.-Dtouch";
				PRODUCT_NAME = "$(TARGET_NAME)";
				SWIFT_VERSION = 4.2;
				TARGETED_DEVICE_FAMILY = 1;
			};
			name = Debug;
		};
		9709C5D221D3B948007C18D4 /* Release */ = {
			isa = XCBuildConfiguration;
			buildSettings = {
				ASSETCATALOG_COMPILER_APPICON_NAME = AppIcon;
				CODE_SIGN_STYLE = Automatic;
				DEVELOPMENT_TEAM = 997PEV296P;
				INFOPLIST_FILE = 3Dtouch/Info.plist;
				IPHONEOS_DEPLOYMENT_TARGET = 12.1;
				LD_RUNPATH_SEARCH_PATHS = (
					"$(inherited)",
					"@executable_path/Frameworks",
				);
				PRODUCT_BUNDLE_IDENTIFIER = "info.sora-k.-Dtouch";
				PRODUCT_NAME = "$(TARGET_NAME)";
				SWIFT_VERSION = 4.2;
				TARGETED_DEVICE_FAMILY = 1;
			};
			name = Release;
		};
		9709C5D421D3B948007C18D4 /* Debug */ = {
			isa = XCBuildConfiguration;
			buildSettings = {
				ALWAYS_EMBED_SWIFT_STANDARD_LIBRARIES = YES;
				BUNDLE_LOADER = "$(TEST_HOST)";
				CODE_SIGN_STYLE = Automatic;
				DEVELOPMENT_TEAM = 997PEV296P;
				INFOPLIST_FILE = 3DtouchTests/Info.plist;
				LD_RUNPATH_SEARCH_PATHS = (
					"$(inherited)",
					"@executable_path/Frameworks",
					"@loader_path/Frameworks",
				);
				PRODUCT_BUNDLE_IDENTIFIER = "info.sora-k.-DtouchTests";
				PRODUCT_NAME = "$(TARGET_NAME)";
				SWIFT_VERSION = 4.2;
				TARGETED_DEVICE_FAMILY = "1,2";
				TEST_HOST = "$(BUILT_PRODUCTS_DIR)/3Dtouch.app/3Dtouch";
			};
			name = Debug;
		};
		9709C5D521D3B948007C18D4 /* Release */ = {
			isa = XCBuildConfiguration;
			buildSettings = {
				ALWAYS_EMBED_SWIFT_STANDARD_LIBRARIES = YES;
				BUNDLE_LOADER = "$(TEST_HOST)";
				CODE_SIGN_STYLE = Automatic;
				DEVELOPMENT_TEAM = 997PEV296P;
				INFOPLIST_FILE = 3DtouchTests/Info.plist;
				LD_RUNPATH_SEARCH_PATHS = (
					"$(inherited)",
					"@executable_path/Frameworks",
					"@loader_path/Frameworks",
				);
				PRODUCT_BUNDLE_IDENTIFIER = "info.sora-k.-DtouchTests";
				PRODUCT_NAME = "$(TARGET_NAME)";
				SWIFT_VERSION = 4.2;
				TARGETED_DEVICE_FAMILY = "1,2";
				TEST_HOST = "$(BUILT_PRODUCTS_DIR)/3Dtouch.app/3Dtouch";
			};
			name = Release;
		};
		9709C5D721D3B948007C18D4 /* Debug */ = {
			isa = XCBuildConfiguration;
			buildSettings = {
				ALWAYS_EMBED_SWIFT_STANDARD_LIBRARIES = YES;
				CODE_SIGN_STYLE = Automatic;
				DEVELOPMENT_TEAM = 997PEV296P;
				INFOPLIST_FILE = 3DtouchUITests/Info.plist;
				LD_RUNPATH_SEARCH_PATHS = (
					"$(inherited)",
					"@executable_path/Frameworks",
					"@loader_path/Frameworks",
				);
				PRODUCT_BUNDLE_IDENTIFIER = "info.sora-k.-DtouchUITests";
				PRODUCT_NAME = "$(TARGET_NAME)";
				SWIFT_VERSION = 4.2;
				TARGETED_DEVICE_FAMILY = "1,2";
				TEST_TARGET_NAME = 3Dtouch;
			};
			name = Debug;
		};
		9709C5D821D3B948007C18D4 /* Release */ = {
			isa = XCBuildConfiguration;
			buildSettings = {
				ALWAYS_EMBED_SWIFT_STANDARD_LIBRARIES = YES;
				CODE_SIGN_STYLE = Automatic;
				DEVELOPMENT_TEAM = 997PEV296P;
				INFOPLIST_FILE = 3DtouchUITests/Info.plist;
				LD_RUNPATH_SEARCH_PATHS = (
					"$(inherited)",
					"@executable_path/Frameworks",
					"@loader_path/Frameworks",
				);
				PRODUCT_BUNDLE_IDENTIFIER = "info.sora-k.-DtouchUITests";
				PRODUCT_NAME = "$(TARGET_NAME)";
				SWIFT_VERSION = 4.2;
				TARGETED_DEVICE_FAMILY = "1,2";
				TEST_TARGET_NAME = 3Dtouch;
			};
			name = Release;
		};
/* End XCBuildConfiguration section */

/* Begin XCConfigurationList section */
		9709C5A321D3B945007C18D4 /* Build configuration list for PBXProject "3Dtouch" */ = {
			isa = XCConfigurationList;
			buildConfigurations = (
				9709C5CE21D3B948007C18D4 /* Debug */,
				9709C5CF21D3B948007C18D4 /* Release */,
			);
			defaultConfigurationIsVisible = 0;
			defaultConfigurationName = Release;
		};
		9709C5D021D3B948007C18D4 /* Build configuration list for PBXNativeTarget "3Dtouch" */ = {
			isa = XCConfigurationList;
			buildConfigurations = (
				9709C5D121D3B948007C18D4 /* Debug */,
				9709C5D221D3B948007C18D4 /* Release */,
			);
			defaultConfigurationIsVisible = 0;
			defaultConfigurationName = Release;
		};
		9709C5D321D3B948007C18D4 /* Build configuration list for PBXNativeTarget "3DtouchTests" */ = {
			isa = XCConfigurationList;
			buildConfigurations = (
				9709C5D421D3B948007C18D4 /* Debug */,
				9709C5D521D3B948007C18D4 /* Release */,
			);
			defaultConfigurationIsVisible = 0;
			defaultConfigurationName = Release;
		};
		9709C5D621D3B948007C18D4 /* Build configuration list for PBXNativeTarget "3DtouchUITests" */ = {
			isa = XCConfigurationList;
			buildConfigurations = (
				9709C5D721D3B948007C18D4 /* Debug */,
				9709C5D821D3B948007C18D4 /* Release */,
			);
			defaultConfigurationIsVisible = 0;
			defaultConfigurationName = Release;
		};
/* End XCConfigurationList section */
	};
	rootObject = 9709C5A021D3B945007C18D4 /* Project object */;
}
